
Microsoft Visual Studio Solution File, Format Version 12.00
# Visual Studio Version 17
VisualStudioVersion = 17.0.32126.317
MinimumVisualStudioVersion = 10.0.40219.1
Project("{FAE04EC0-301F-11D3-BF4B-00C04F79EFBC}") = "ConsoleApp2", "ConsoleApp2\ConsoleApp2.csproj", "{9BCC53DC-A457-41CE-9266-534402FD378B}"
EndProject
Global
	GlobalSection(SolutionConfigurationPlatforms) = preSolution
		Debug|Any CPU = Debug|Any CPU
		Release|Any CPU = Release|Any CPU
	EndGlobalSection
	GlobalSection(ProjectConfigurationPlatforms) = postSolution
		{9BCC53DC-A457-41CE-9266-534402FD378B}.Debug|Any CPU.ActiveCfg = Debug|Any CPU
		{9BCC53DC-A457-41CE-9266-534402FD378B}.Debug|Any CPU.Build.0 = Debug|Any CPU
		{9BCC53DC-A457-41CE-9266-534402FD378B}.Release|Any CPU.ActiveCfg = Release|Any CPU
		{9BCC53DC-A457-41CE-9266-534402FD378B}.Release|Any CPU.Build.0 = Release|Any CPU
	EndGlobalSection
	GlobalSection(SolutionProperties) = preSolution
		HideSolutionNode = FALSE
	EndGlobalSection
	GlobalSection(ExtensibilityGlobals) = postSolution
		SolutionGuid = {B7DFFDAC-DFCA-496D-A4BF-A822D02FD834}
	EndGlobalSection
EndGlobal
